// !$*UTF8*$!
{
	archiveVersion = 1;
	classes = {
	};
	objectVersion = 51;
	objects = {

/* Begin PBXBuildFile section */
		0294033EDA5CF0FDEF2EBB91 /* Pods_Impindurado_ImpinduradoUITests.framework in Frameworks */ = {isa = PBXBuildFile; fileRef = 66151C2E335F38B063A52F5D /* Pods_Impindurado_ImpinduradoUITests.framework */; };
		07D2387FD236A1CE2B87564A /* Pods_ImpinduradoTests.framework in Frameworks */ = {isa = PBXBuildFile; fileRef = F77FF41DB93FE9EA130F15C4 /* Pods_ImpinduradoTests.framework */; };
		8126D38126C80F5400F4681C /* DottedTextView.swift in Sources */ = {isa = PBXBuildFile; fileRef = 8126D38026C80F5400F4681C /* DottedTextView.swift */; };
		8126D38326C8210C00F4681C /* AlertViewController.swift in Sources */ = {isa = PBXBuildFile; fileRef = 8126D38226C8210C00F4681C /* AlertViewController.swift */; };
		8126D38526C8327200F4681C /* alert.strings in Resources */ = {isa = PBXBuildFile; fileRef = 8126D38426C8327200F4681C /* alert.strings */; };
		8126D38726CA9E4A00F4681C /* Device.swift in Sources */ = {isa = PBXBuildFile; fileRef = 8126D38626CA9E4A00F4681C /* Device.swift */; };
		8180A5A126C2BA720057CF10 /* SoundButton.swift in Sources */ = {isa = PBXBuildFile; fileRef = 8180A5A026C2BA720057CF10 /* SoundButton.swift */; };
		8180A5A526C2C3F60057CF10 /* AppButton.swift in Sources */ = {isa = PBXBuildFile; fileRef = 8180A5A426C2C3F60057CF10 /* AppButton.swift */; };
		8180A5A726C2C50F0057CF10 /* AppButtonStyle.swift in Sources */ = {isa = PBXBuildFile; fileRef = 8180A5A626C2C50F0057CF10 /* AppButtonStyle.swift */; };
		8180A5B026C2D0300057CF10 /* button.strings in Resources */ = {isa = PBXBuildFile; fileRef = 8180A5AF26C2D0300057CF10 /* button.strings */; };
		8180A5B226C2D0450057CF10 /* app.strings in Resources */ = {isa = PBXBuildFile; fileRef = 8180A5B126C2D0450057CF10 /* app.strings */; };
		8180A5B826C2D3150057CF10 /* R.generated.swift in Sources */ = {isa = PBXBuildFile; fileRef = 8180A5B726C2D3150057CF10 /* R.generated.swift */; };
		8180A5BB26C2DA340057CF10 /* MenuBackground.mp3 in Resources */ = {isa = PBXBuildFile; fileRef = 8180A5BA26C2DA340057CF10 /* MenuBackground.mp3 */; };
		8180A5C026C2E3590057CF10 /* GameViewController.swift in Sources */ = {isa = PBXBuildFile; fileRef = 8180A5BD26C2E3590057CF10 /* GameViewController.swift */; };
		8180A5C126C2E3590057CF10 /* GameView.swift in Sources */ = {isa = PBXBuildFile; fileRef = 8180A5BE26C2E3590057CF10 /* GameView.swift */; };
		8180A5C226C2E3590057CF10 /* GameViewModel.swift in Sources */ = {isa = PBXBuildFile; fileRef = 8180A5BF26C2E3590057CF10 /* GameViewModel.swift */; };
		8180A5CF26C49BC50057CF10 /* GameCoordinator.swift in Sources */ = {isa = PBXBuildFile; fileRef = 8180A5CE26C49BC50057CF10 /* GameCoordinator.swift */; };
		8180A5D126C557C30057CF10 /* KeyboardView.swift in Sources */ = {isa = PBXBuildFile; fileRef = 8180A5D026C557C30057CF10 /* KeyboardView.swift */; };
		8180A5D526C579790057CF10 /* LivesView.swift in Sources */ = {isa = PBXBuildFile; fileRef = 8180A5D426C579790057CF10 /* LivesView.swift */; };
		81BC54E226C736EB004C4A58 /* Colors.swift in Sources */ = {isa = PBXBuildFile; fileRef = 81BC54E126C736EB004C4A58 /* Colors.swift */; };
		81BC54E626C742FC004C4A58 /* Pacifico-Regular.ttf in Resources */ = {isa = PBXBuildFile; fileRef = 81BC54E526C7428D004C4A58 /* Pacifico-Regular.ttf */; };
		81BC54E726C742FE004C4A58 /* Adventure-Subtitles.ttf in Resources */ = {isa = PBXBuildFile; fileRef = 81BC54E426C74015004C4A58 /* Adventure-Subtitles.ttf */; };
		81BC54EA26C7474C004C4A58 /* NES2.ttf in Resources */ = {isa = PBXBuildFile; fileRef = 81BC54E826C74706004C4A58 /* NES2.ttf */; };
		81F5C35326C1934D00C81C9A /* AppDelegate.swift in Sources */ = {isa = PBXBuildFile; fileRef = 81F5C35226C1934D00C81C9A /* AppDelegate.swift */; };
		81F5C35526C1934D00C81C9A /* SceneDelegate.swift in Sources */ = {isa = PBXBuildFile; fileRef = 81F5C35426C1934D00C81C9A /* SceneDelegate.swift */; };
		81F5C35C26C1934F00C81C9A /* Assets.xcassets in Resources */ = {isa = PBXBuildFile; fileRef = 81F5C35B26C1934F00C81C9A /* Assets.xcassets */; };
		81F5C35F26C1934F00C81C9A /* LaunchScreen.storyboard in Resources */ = {isa = PBXBuildFile; fileRef = 81F5C35D26C1934F00C81C9A /* LaunchScreen.storyboard */; };
		81F5C36A26C1935000C81C9A /* ImpinduradoTests.swift in Sources */ = {isa = PBXBuildFile; fileRef = 81F5C36926C1935000C81C9A /* ImpinduradoTests.swift */; };
		81F5C37526C1935000C81C9A /* ImpinduradoUITests.swift in Sources */ = {isa = PBXBuildFile; fileRef = 81F5C37426C1935000C81C9A /* ImpinduradoUITests.swift */; };
		81F5C38426C1D9D700C81C9A /* Coordinator.swift in Sources */ = {isa = PBXBuildFile; fileRef = 81F5C38326C1D9D700C81C9A /* Coordinator.swift */; };
		81F5C38626C1DA1200C81C9A /* AppCoordinator.swift in Sources */ = {isa = PBXBuildFile; fileRef = 81F5C38526C1DA1200C81C9A /* AppCoordinator.swift */; };
		81F5C38826C1DA5700C81C9A /* MenuCoordinator.swift in Sources */ = {isa = PBXBuildFile; fileRef = 81F5C38726C1DA5700C81C9A /* MenuCoordinator.swift */; };
		81F5C39126C1DD0500C81C9A /* Sound.swift in Sources */ = {isa = PBXBuildFile; fileRef = 81F5C39026C1DD0500C81C9A /* Sound.swift */; };
		81F5C3B526C1E85D00C81C9A /* MenuViewController.swift in Sources */ = {isa = PBXBuildFile; fileRef = 81F5C3B226C1E85D00C81C9A /* MenuViewController.swift */; };
		81F5C3B626C1E85D00C81C9A /* MenuView.swift in Sources */ = {isa = PBXBuildFile; fileRef = 81F5C3B326C1E85D00C81C9A /* MenuView.swift */; };
		81F5C3B726C1E85D00C81C9A /* MenuViewModel.swift in Sources */ = {isa = PBXBuildFile; fileRef = 81F5C3B426C1E85D00C81C9A /* MenuViewModel.swift */; };
		81F5C3B926C1E94700C81C9A /* ViewCode.swift in Sources */ = {isa = PBXBuildFile; fileRef = 81F5C3B826C1E94700C81C9A /* ViewCode.swift */; };
		81F5C3BB26C1E96E00C81C9A /* ViewModel.swift in Sources */ = {isa = PBXBuildFile; fileRef = 81F5C3BA26C1E96E00C81C9A /* ViewModel.swift */; };
		C20A85E280B3671285B647EF /* Pods_Impindurado.framework in Frameworks */ = {isa = PBXBuildFile; fileRef = 36772C7B6F1173B6321C52F9 /* Pods_Impindurado.framework */; };
		D13304BC26C4979A001D563C /* Word.swift in Sources */ = {isa = PBXBuildFile; fileRef = D13304BB26C4979A001D563C /* Word.swift */; };
		D13304BE26C497B4001D563C /* JSONDataModel.swift in Sources */ = {isa = PBXBuildFile; fileRef = D13304BD26C497B4001D563C /* JSONDataModel.swift */; };
		D1A4784A26D17BE900D5FFF3 /* Words.json in Resources */ = {isa = PBXBuildFile; fileRef = D1A4784926D17BE900D5FFF3 /* Words.json */; };
		D1A51B6D26C5D76100E1A2DC /* WordsModel.swift in Sources */ = {isa = PBXBuildFile; fileRef = D1A51B6C26C5D76100E1A2DC /* WordsModel.swift */; };
/* End PBXBuildFile section */

/* Begin PBXContainerItemProxy section */
		81F5C36626C1935000C81C9A /* PBXContainerItemProxy */ = {
			isa = PBXContainerItemProxy;
			containerPortal = 81F5C34726C1934D00C81C9A /* Project object */;
			proxyType = 1;
			remoteGlobalIDString = 81F5C34E26C1934D00C81C9A;
			remoteInfo = Impindurado;
		};
		81F5C37126C1935000C81C9A /* PBXContainerItemProxy */ = {
			isa = PBXContainerItemProxy;
			containerPortal = 81F5C34726C1934D00C81C9A /* Project object */;
			proxyType = 1;
			remoteGlobalIDString = 81F5C34E26C1934D00C81C9A;
			remoteInfo = Impindurado;
		};
/* End PBXContainerItemProxy section */

/* Begin PBXCopyFilesBuildPhase section */
		8180A5B326C2D1730057CF10 /* Copy Files */ = {
			isa = PBXCopyFilesBuildPhase;
			buildActionMask = 2147483647;
			dstPath = "";
			dstSubfolderSpec = 7;
			files = (
			);
			name = "Copy Files";
			runOnlyForDeploymentPostprocessing = 0;
		};
/* End PBXCopyFilesBuildPhase section */

/* Begin PBXFileReference section */
		33029FD899104D8A26150A03 /* Pods-Impindurado-ImpinduradoUITests.release.xcconfig */ = {isa = PBXFileReference; includeInIndex = 1; lastKnownFileType = text.xcconfig; name = "Pods-Impindurado-ImpinduradoUITests.release.xcconfig"; path = "Target Support Files/Pods-Impindurado-ImpinduradoUITests/Pods-Impindurado-ImpinduradoUITests.release.xcconfig"; sourceTree = "<group>"; };
		36772C7B6F1173B6321C52F9 /* Pods_Impindurado.framework */ = {isa = PBXFileReference; explicitFileType = wrapper.framework; includeInIndex = 0; path = Pods_Impindurado.framework; sourceTree = BUILT_PRODUCTS_DIR; };
		49573D2DD13DB7ED398A3C10 /* Pods-ImpinduradoTests.debug.xcconfig */ = {isa = PBXFileReference; includeInIndex = 1; lastKnownFileType = text.xcconfig; name = "Pods-ImpinduradoTests.debug.xcconfig"; path = "Target Support Files/Pods-ImpinduradoTests/Pods-ImpinduradoTests.debug.xcconfig"; sourceTree = "<group>"; };
		514CB17A59E912FCE90ED2A1 /* Pods-ImpinduradoTests.release.xcconfig */ = {isa = PBXFileReference; includeInIndex = 1; lastKnownFileType = text.xcconfig; name = "Pods-ImpinduradoTests.release.xcconfig"; path = "Target Support Files/Pods-ImpinduradoTests/Pods-ImpinduradoTests.release.xcconfig"; sourceTree = "<group>"; };
		66151C2E335F38B063A52F5D /* Pods_Impindurado_ImpinduradoUITests.framework */ = {isa = PBXFileReference; explicitFileType = wrapper.framework; includeInIndex = 0; path = Pods_Impindurado_ImpinduradoUITests.framework; sourceTree = BUILT_PRODUCTS_DIR; };
		8126D38026C80F5400F4681C /* DottedTextView.swift */ = {isa = PBXFileReference; lastKnownFileType = sourcecode.swift; path = DottedTextView.swift; sourceTree = "<group>"; };
		8126D38226C8210C00F4681C /* AlertViewController.swift */ = {isa = PBXFileReference; lastKnownFileType = sourcecode.swift; path = AlertViewController.swift; sourceTree = "<group>"; };
		8126D38426C8327200F4681C /* alert.strings */ = {isa = PBXFileReference; lastKnownFileType = text.plist.strings; path = alert.strings; sourceTree = "<group>"; };
		8126D38626CA9E4A00F4681C /* Device.swift */ = {isa = PBXFileReference; lastKnownFileType = sourcecode.swift; path = Device.swift; sourceTree = "<group>"; };
		8180A5A026C2BA720057CF10 /* SoundButton.swift */ = {isa = PBXFileReference; lastKnownFileType = sourcecode.swift; path = SoundButton.swift; sourceTree = "<group>"; };
		8180A5A426C2C3F60057CF10 /* AppButton.swift */ = {isa = PBXFileReference; lastKnownFileType = sourcecode.swift; path = AppButton.swift; sourceTree = "<group>"; };
		8180A5A626C2C50F0057CF10 /* AppButtonStyle.swift */ = {isa = PBXFileReference; lastKnownFileType = sourcecode.swift; path = AppButtonStyle.swift; sourceTree = "<group>"; };
		8180A5AF26C2D0300057CF10 /* button.strings */ = {isa = PBXFileReference; lastKnownFileType = text.plist.strings; path = button.strings; sourceTree = "<group>"; };
		8180A5B126C2D0450057CF10 /* app.strings */ = {isa = PBXFileReference; lastKnownFileType = text.plist.strings; path = app.strings; sourceTree = "<group>"; };
		8180A5B726C2D3150057CF10 /* R.generated.swift */ = {isa = PBXFileReference; fileEncoding = 4; lastKnownFileType = sourcecode.swift; path = R.generated.swift; sourceTree = "<group>"; };
		8180A5BA26C2DA340057CF10 /* MenuBackground.mp3 */ = {isa = PBXFileReference; lastKnownFileType = audio.mp3; path = MenuBackground.mp3; sourceTree = "<group>"; };
		8180A5BD26C2E3590057CF10 /* GameViewController.swift */ = {isa = PBXFileReference; lastKnownFileType = sourcecode.swift; path = GameViewController.swift; sourceTree = "<group>"; };
		8180A5BE26C2E3590057CF10 /* GameView.swift */ = {isa = PBXFileReference; lastKnownFileType = sourcecode.swift; path = GameView.swift; sourceTree = "<group>"; };
		8180A5BF26C2E3590057CF10 /* GameViewModel.swift */ = {isa = PBXFileReference; lastKnownFileType = sourcecode.swift; path = GameViewModel.swift; sourceTree = "<group>"; };
		8180A5CE26C49BC50057CF10 /* GameCoordinator.swift */ = {isa = PBXFileReference; lastKnownFileType = sourcecode.swift; path = GameCoordinator.swift; sourceTree = "<group>"; };
		8180A5D026C557C30057CF10 /* KeyboardView.swift */ = {isa = PBXFileReference; lastKnownFileType = sourcecode.swift; path = KeyboardView.swift; sourceTree = "<group>"; };
		8180A5D426C579790057CF10 /* LivesView.swift */ = {isa = PBXFileReference; lastKnownFileType = sourcecode.swift; path = LivesView.swift; sourceTree = "<group>"; };
		81BC54E126C736EB004C4A58 /* Colors.swift */ = {isa = PBXFileReference; lastKnownFileType = sourcecode.swift; path = Colors.swift; sourceTree = "<group>"; };
		81BC54E426C74015004C4A58 /* Adventure-Subtitles.ttf */ = {isa = PBXFileReference; lastKnownFileType = file; path = "Adventure-Subtitles.ttf"; sourceTree = "<group>"; };
		81BC54E526C7428D004C4A58 /* Pacifico-Regular.ttf */ = {isa = PBXFileReference; lastKnownFileType = file; path = "Pacifico-Regular.ttf"; sourceTree = "<group>"; };
		81BC54E826C74706004C4A58 /* NES2.ttf */ = {isa = PBXFileReference; lastKnownFileType = file; path = NES2.ttf; sourceTree = "<group>"; };
		81F5C34F26C1934D00C81C9A /* Impindurado.app */ = {isa = PBXFileReference; explicitFileType = wrapper.application; includeInIndex = 0; path = Impindurado.app; sourceTree = BUILT_PRODUCTS_DIR; };
		81F5C35226C1934D00C81C9A /* AppDelegate.swift */ = {isa = PBXFileReference; lastKnownFileType = sourcecode.swift; path = AppDelegate.swift; sourceTree = "<group>"; };
		81F5C35426C1934D00C81C9A /* SceneDelegate.swift */ = {isa = PBXFileReference; lastKnownFileType = sourcecode.swift; path = SceneDelegate.swift; sourceTree = "<group>"; };
		81F5C35B26C1934F00C81C9A /* Assets.xcassets */ = {isa = PBXFileReference; lastKnownFileType = folder.assetcatalog; path = Assets.xcassets; sourceTree = "<group>"; };
		81F5C35E26C1934F00C81C9A /* Base */ = {isa = PBXFileReference; lastKnownFileType = file.storyboard; name = Base; path = Base.lproj/LaunchScreen.storyboard; sourceTree = "<group>"; };
		81F5C36026C1934F00C81C9A /* Info.plist */ = {isa = PBXFileReference; lastKnownFileType = text.plist.xml; path = Info.plist; sourceTree = "<group>"; };
		81F5C36526C1935000C81C9A /* ImpinduradoTests.xctest */ = {isa = PBXFileReference; explicitFileType = wrapper.cfbundle; includeInIndex = 0; path = ImpinduradoTests.xctest; sourceTree = BUILT_PRODUCTS_DIR; };
		81F5C36926C1935000C81C9A /* ImpinduradoTests.swift */ = {isa = PBXFileReference; lastKnownFileType = sourcecode.swift; path = ImpinduradoTests.swift; sourceTree = "<group>"; };
		81F5C36B26C1935000C81C9A /* Info.plist */ = {isa = PBXFileReference; lastKnownFileType = text.plist.xml; path = Info.plist; sourceTree = "<group>"; };
		81F5C37026C1935000C81C9A /* ImpinduradoUITests.xctest */ = {isa = PBXFileReference; explicitFileType = wrapper.cfbundle; includeInIndex = 0; path = ImpinduradoUITests.xctest; sourceTree = BUILT_PRODUCTS_DIR; };
		81F5C37426C1935000C81C9A /* ImpinduradoUITests.swift */ = {isa = PBXFileReference; lastKnownFileType = sourcecode.swift; path = ImpinduradoUITests.swift; sourceTree = "<group>"; };
		81F5C37626C1935000C81C9A /* Info.plist */ = {isa = PBXFileReference; lastKnownFileType = text.plist.xml; path = Info.plist; sourceTree = "<group>"; };
		81F5C38326C1D9D700C81C9A /* Coordinator.swift */ = {isa = PBXFileReference; lastKnownFileType = sourcecode.swift; path = Coordinator.swift; sourceTree = "<group>"; };
		81F5C38526C1DA1200C81C9A /* AppCoordinator.swift */ = {isa = PBXFileReference; lastKnownFileType = sourcecode.swift; path = AppCoordinator.swift; sourceTree = "<group>"; };
		81F5C38726C1DA5700C81C9A /* MenuCoordinator.swift */ = {isa = PBXFileReference; lastKnownFileType = sourcecode.swift; path = MenuCoordinator.swift; sourceTree = "<group>"; };
		81F5C39026C1DD0500C81C9A /* Sound.swift */ = {isa = PBXFileReference; lastKnownFileType = sourcecode.swift; path = Sound.swift; sourceTree = "<group>"; };
		81F5C3B226C1E85D00C81C9A /* MenuViewController.swift */ = {isa = PBXFileReference; lastKnownFileType = sourcecode.swift; path = MenuViewController.swift; sourceTree = "<group>"; };
		81F5C3B326C1E85D00C81C9A /* MenuView.swift */ = {isa = PBXFileReference; lastKnownFileType = sourcecode.swift; path = MenuView.swift; sourceTree = "<group>"; };
		81F5C3B426C1E85D00C81C9A /* MenuViewModel.swift */ = {isa = PBXFileReference; lastKnownFileType = sourcecode.swift; path = MenuViewModel.swift; sourceTree = "<group>"; };
		81F5C3B826C1E94700C81C9A /* ViewCode.swift */ = {isa = PBXFileReference; lastKnownFileType = sourcecode.swift; path = ViewCode.swift; sourceTree = "<group>"; };
		81F5C3BA26C1E96E00C81C9A /* ViewModel.swift */ = {isa = PBXFileReference; lastKnownFileType = sourcecode.swift; path = ViewModel.swift; sourceTree = "<group>"; };
		BEC33AF8B3ED6C65C0249270 /* Pods-Impindurado.debug.xcconfig */ = {isa = PBXFileReference; includeInIndex = 1; lastKnownFileType = text.xcconfig; name = "Pods-Impindurado.debug.xcconfig"; path = "Target Support Files/Pods-Impindurado/Pods-Impindurado.debug.xcconfig"; sourceTree = "<group>"; };
		D13304BB26C4979A001D563C /* Word.swift */ = {isa = PBXFileReference; lastKnownFileType = sourcecode.swift; path = Word.swift; sourceTree = "<group>"; };
		D13304BD26C497B4001D563C /* JSONDataModel.swift */ = {isa = PBXFileReference; lastKnownFileType = sourcecode.swift; path = JSONDataModel.swift; sourceTree = "<group>"; };
		D1A4784926D17BE900D5FFF3 /* Words.json */ = {isa = PBXFileReference; lastKnownFileType = text.json; path = Words.json; sourceTree = "<group>"; };
		D1A51B6C26C5D76100E1A2DC /* WordsModel.swift */ = {isa = PBXFileReference; lastKnownFileType = sourcecode.swift; path = WordsModel.swift; sourceTree = "<group>"; };
		D91A635BCD54A45890586B63 /* Pods-Impindurado-ImpinduradoUITests.debug.xcconfig */ = {isa = PBXFileReference; includeInIndex = 1; lastKnownFileType = text.xcconfig; name = "Pods-Impindurado-ImpinduradoUITests.debug.xcconfig"; path = "Target Support Files/Pods-Impindurado-ImpinduradoUITests/Pods-Impindurado-ImpinduradoUITests.debug.xcconfig"; sourceTree = "<group>"; };
		F2C2C15A0C40E186AF55F9B2 /* Pods-Impindurado.release.xcconfig */ = {isa = PBXFileReference; includeInIndex = 1; lastKnownFileType = text.xcconfig; name = "Pods-Impindurado.release.xcconfig"; path = "Target Support Files/Pods-Impindurado/Pods-Impindurado.release.xcconfig"; sourceTree = "<group>"; };
		F77FF41DB93FE9EA130F15C4 /* Pods_ImpinduradoTests.framework */ = {isa = PBXFileReference; explicitFileType = wrapper.framework; includeInIndex = 0; path = Pods_ImpinduradoTests.framework; sourceTree = BUILT_PRODUCTS_DIR; };
/* End PBXFileReference section */

/* Begin PBXFrameworksBuildPhase section */
		81F5C34C26C1934D00C81C9A /* Frameworks */ = {
			isa = PBXFrameworksBuildPhase;
			buildActionMask = 2147483647;
			files = (
				C20A85E280B3671285B647EF /* Pods_Impindurado.framework in Frameworks */,
			);
			runOnlyForDeploymentPostprocessing = 0;
		};
		81F5C36226C1935000C81C9A /* Frameworks */ = {
			isa = PBXFrameworksBuildPhase;
			buildActionMask = 2147483647;
			files = (
				07D2387FD236A1CE2B87564A /* Pods_ImpinduradoTests.framework in Frameworks */,
			);
			runOnlyForDeploymentPostprocessing = 0;
		};
		81F5C36D26C1935000C81C9A /* Frameworks */ = {
			isa = PBXFrameworksBuildPhase;
			buildActionMask = 2147483647;
			files = (
				0294033EDA5CF0FDEF2EBB91 /* Pods_Impindurado_ImpinduradoUITests.framework in Frameworks */,
			);
			runOnlyForDeploymentPostprocessing = 0;
		};
/* End PBXFrameworksBuildPhase section */

/* Begin PBXGroup section */
		8180A59F26C2BA4D0057CF10 /* UI Components */ = {
			isa = PBXGroup;
			children = (
				8180A5A026C2BA720057CF10 /* SoundButton.swift */,
				8180A5A426C2C3F60057CF10 /* AppButton.swift */,
				8180A5A626C2C50F0057CF10 /* AppButtonStyle.swift */,
				8180A5D026C557C30057CF10 /* KeyboardView.swift */,
				8180A5D426C579790057CF10 /* LivesView.swift */,
				8126D38026C80F5400F4681C /* DottedTextView.swift */,
			);
			path = "UI Components";
			sourceTree = "<group>";
		};
		8180A5A826C2CEDE0057CF10 /* Shared */ = {
			isa = PBXGroup;
			children = (
				81F5C35226C1934D00C81C9A /* AppDelegate.swift */,
				81F5C35426C1934D00C81C9A /* SceneDelegate.swift */,
			);
			path = Shared;
			sourceTree = "<group>";
		};
		8180A5A926C2CF1F0057CF10 /* Assets */ = {
			isa = PBXGroup;
			children = (
				81BC54E326C73ED6004C4A58 /* Fonts */,
				8180A5B726C2D3150057CF10 /* R.generated.swift */,
				8180A5B926C2D9510057CF10 /* Sounds */,
				8180A5AA26C2CF2A0057CF10 /* Strings */,
				81F5C35B26C1934F00C81C9A /* Assets.xcassets */,
				81BC54E126C736EB004C4A58 /* Colors.swift */,
			);
			path = Assets;
			sourceTree = "<group>";
		};
		8180A5AA26C2CF2A0057CF10 /* Strings */ = {
			isa = PBXGroup;
			children = (
				8180A5AF26C2D0300057CF10 /* button.strings */,
				8180A5B126C2D0450057CF10 /* app.strings */,
				8126D38426C8327200F4681C /* alert.strings */,
			);
			path = Strings;
			sourceTree = "<group>";
		};
		8180A5B926C2D9510057CF10 /* Sounds */ = {
			isa = PBXGroup;
			children = (
				8180A5BA26C2DA340057CF10 /* MenuBackground.mp3 */,
			);
			path = Sounds;
			sourceTree = "<group>";
		};
		8180A5BC26C2E33F0057CF10 /* Game */ = {
			isa = PBXGroup;
			children = (
				8180A5BD26C2E3590057CF10 /* GameViewController.swift */,
				8180A5BE26C2E3590057CF10 /* GameView.swift */,
				8180A5BF26C2E3590057CF10 /* GameViewModel.swift */,
				8126D38226C8210C00F4681C /* AlertViewController.swift */,
			);
			path = Game;
			sourceTree = "<group>";
		};
		81BC54E326C73ED6004C4A58 /* Fonts */ = {
			isa = PBXGroup;
			children = (
				81BC54E826C74706004C4A58 /* NES2.ttf */,
				81BC54E526C7428D004C4A58 /* Pacifico-Regular.ttf */,
				81BC54E426C74015004C4A58 /* Adventure-Subtitles.ttf */,
			);
			path = Fonts;
			sourceTree = "<group>";
		};
		81F5C34626C1934D00C81C9A = {
			isa = PBXGroup;
			children = (
				81F5C35126C1934D00C81C9A /* Impindurado */,
				81F5C36826C1935000C81C9A /* ImpinduradoTests */,
				81F5C37326C1935000C81C9A /* ImpinduradoUITests */,
				81F5C35026C1934D00C81C9A /* Products */,
				AC04C3A92ADB211468A91DCE /* Pods */,
				E328A653DC969C6B9190E0D1 /* Frameworks */,
			);
			sourceTree = "<group>";
		};
		81F5C35026C1934D00C81C9A /* Products */ = {
			isa = PBXGroup;
			children = (
				81F5C34F26C1934D00C81C9A /* Impindurado.app */,
				81F5C36526C1935000C81C9A /* ImpinduradoTests.xctest */,
				81F5C37026C1935000C81C9A /* ImpinduradoUITests.xctest */,
			);
			name = Products;
			sourceTree = "<group>";
		};
		81F5C35126C1934D00C81C9A /* Impindurado */ = {
			isa = PBXGroup;
			children = (
				D13304BA26C49782001D563C /* Model */,
				8180A5A926C2CF1F0057CF10 /* Assets */,
				8180A59F26C2BA4D0057CF10 /* UI Components */,
				81F5C38F26C1DCFC00C81C9A /* Helpers */,
				81F5C38926C1DB4A00C81C9A /* Scenes */,
				81F5C38226C1D9CA00C81C9A /* Coordinators */,
				8180A5A826C2CEDE0057CF10 /* Shared */,
				81F5C35D26C1934F00C81C9A /* LaunchScreen.storyboard */,
				81F5C36026C1934F00C81C9A /* Info.plist */,
			);
			path = Impindurado;
			sourceTree = "<group>";
		};
		81F5C36826C1935000C81C9A /* ImpinduradoTests */ = {
			isa = PBXGroup;
			children = (
				81F5C36926C1935000C81C9A /* ImpinduradoTests.swift */,
				81F5C36B26C1935000C81C9A /* Info.plist */,
			);
			path = ImpinduradoTests;
			sourceTree = "<group>";
		};
		81F5C37326C1935000C81C9A /* ImpinduradoUITests */ = {
			isa = PBXGroup;
			children = (
				81F5C37426C1935000C81C9A /* ImpinduradoUITests.swift */,
				81F5C37626C1935000C81C9A /* Info.plist */,
			);
			path = ImpinduradoUITests;
			sourceTree = "<group>";
		};
		81F5C38226C1D9CA00C81C9A /* Coordinators */ = {
			isa = PBXGroup;
			children = (
				81F5C38326C1D9D700C81C9A /* Coordinator.swift */,
				81F5C38526C1DA1200C81C9A /* AppCoordinator.swift */,
				81F5C38726C1DA5700C81C9A /* MenuCoordinator.swift */,
				8180A5CE26C49BC50057CF10 /* GameCoordinator.swift */,
			);
			path = Coordinators;
			sourceTree = "<group>";
		};
		81F5C38926C1DB4A00C81C9A /* Scenes */ = {
			isa = PBXGroup;
			children = (
				8180A5BC26C2E33F0057CF10 /* Game */,
				81F5C38B26C1DB5A00C81C9A /* Menu */,
			);
			path = Scenes;
			sourceTree = "<group>";
		};
		81F5C38B26C1DB5A00C81C9A /* Menu */ = {
			isa = PBXGroup;
			children = (
				81F5C3B226C1E85D00C81C9A /* MenuViewController.swift */,
				81F5C3B326C1E85D00C81C9A /* MenuView.swift */,
				81F5C3B426C1E85D00C81C9A /* MenuViewModel.swift */,
			);
			path = Menu;
			sourceTree = "<group>";
		};
		81F5C38F26C1DCFC00C81C9A /* Helpers */ = {
			isa = PBXGroup;
			children = (
				81F5C39026C1DD0500C81C9A /* Sound.swift */,
				81F5C3B826C1E94700C81C9A /* ViewCode.swift */,
				81F5C3BA26C1E96E00C81C9A /* ViewModel.swift */,
				8126D38626CA9E4A00F4681C /* Device.swift */,
			);
			path = Helpers;
			sourceTree = "<group>";
		};
		AC04C3A92ADB211468A91DCE /* Pods */ = {
			isa = PBXGroup;
			children = (
				BEC33AF8B3ED6C65C0249270 /* Pods-Impindurado.debug.xcconfig */,
				F2C2C15A0C40E186AF55F9B2 /* Pods-Impindurado.release.xcconfig */,
				D91A635BCD54A45890586B63 /* Pods-Impindurado-ImpinduradoUITests.debug.xcconfig */,
				33029FD899104D8A26150A03 /* Pods-Impindurado-ImpinduradoUITests.release.xcconfig */,
				49573D2DD13DB7ED398A3C10 /* Pods-ImpinduradoTests.debug.xcconfig */,
				514CB17A59E912FCE90ED2A1 /* Pods-ImpinduradoTests.release.xcconfig */,
			);
			path = Pods;
			sourceTree = "<group>";
		};
		D13304BA26C49782001D563C /* Model */ = {
			isa = PBXGroup;
			children = (
				D13304BB26C4979A001D563C /* Word.swift */,
				D13304BD26C497B4001D563C /* JSONDataModel.swift */,
				D1A51B6C26C5D76100E1A2DC /* WordsModel.swift */,
				D1A4784926D17BE900D5FFF3 /* Words.json */,
			);
			path = Model;
			sourceTree = "<group>";
		};
		E328A653DC969C6B9190E0D1 /* Frameworks */ = {
			isa = PBXGroup;
			children = (
				36772C7B6F1173B6321C52F9 /* Pods_Impindurado.framework */,
				66151C2E335F38B063A52F5D /* Pods_Impindurado_ImpinduradoUITests.framework */,
				F77FF41DB93FE9EA130F15C4 /* Pods_ImpinduradoTests.framework */,
			);
			name = Frameworks;
			sourceTree = "<group>";
		};
/* End PBXGroup section */

/* Begin PBXNativeTarget section */
		81F5C34E26C1934D00C81C9A /* Impindurado */ = {
			isa = PBXNativeTarget;
			buildConfigurationList = 81F5C37926C1935000C81C9A /* Build configuration list for PBXNativeTarget "Impindurado" */;
			buildPhases = (
				43DBECD0EF0728516EF7E012 /* [CP] Check Pods Manifest.lock */,
				8180A5B426C2D1810057CF10 /* ShellScript */,
				81F5C34B26C1934D00C81C9A /* Sources */,
				81F5C34C26C1934D00C81C9A /* Frameworks */,
				81F5C34D26C1934D00C81C9A /* Resources */,
				DA125BBBD967D6DE0C4300F6 /* [CP] Embed Pods Frameworks */,
				8180A5B326C2D1730057CF10 /* Copy Files */,
			);
			buildRules = (
			);
			dependencies = (
			);
			name = Impindurado;
			productName = Impindurado;
			productReference = 81F5C34F26C1934D00C81C9A /* Impindurado.app */;
			productType = "com.apple.product-type.application";
		};
		81F5C36426C1935000C81C9A /* ImpinduradoTests */ = {
			isa = PBXNativeTarget;
			buildConfigurationList = 81F5C37C26C1935000C81C9A /* Build configuration list for PBXNativeTarget "ImpinduradoTests" */;
			buildPhases = (
				F91D949E42A038334F3CD40A /* [CP] Check Pods Manifest.lock */,
				81F5C36126C1935000C81C9A /* Sources */,
				81F5C36226C1935000C81C9A /* Frameworks */,
				81F5C36326C1935000C81C9A /* Resources */,
			);
			buildRules = (
			);
			dependencies = (
				81F5C36726C1935000C81C9A /* PBXTargetDependency */,
			);
			name = ImpinduradoTests;
			productName = ImpinduradoTests;
			productReference = 81F5C36526C1935000C81C9A /* ImpinduradoTests.xctest */;
			productType = "com.apple.product-type.bundle.unit-test";
		};
		81F5C36F26C1935000C81C9A /* ImpinduradoUITests */ = {
			isa = PBXNativeTarget;
			buildConfigurationList = 81F5C37F26C1935000C81C9A /* Build configuration list for PBXNativeTarget "ImpinduradoUITests" */;
			buildPhases = (
				A0ECFE4D04F5149A62C32814 /* [CP] Check Pods Manifest.lock */,
				81F5C36C26C1935000C81C9A /* Sources */,
				81F5C36D26C1935000C81C9A /* Frameworks */,
				81F5C36E26C1935000C81C9A /* Resources */,
				CF7FE9BDB32B159A271745D0 /* [CP] Embed Pods Frameworks */,
			);
			buildRules = (
			);
			dependencies = (
				81F5C37226C1935000C81C9A /* PBXTargetDependency */,
			);
			name = ImpinduradoUITests;
			productName = ImpinduradoUITests;
			productReference = 81F5C37026C1935000C81C9A /* ImpinduradoUITests.xctest */;
			productType = "com.apple.product-type.bundle.ui-testing";
		};
/* End PBXNativeTarget section */

/* Begin PBXProject section */
		81F5C34726C1934D00C81C9A /* Project object */ = {
			isa = PBXProject;
			attributes = {
				LastSwiftUpdateCheck = 1250;
				LastUpgradeCheck = 1250;
				TargetAttributes = {
					81F5C34E26C1934D00C81C9A = {
						CreatedOnToolsVersion = 12.5.1;
					};
					81F5C36426C1935000C81C9A = {
						CreatedOnToolsVersion = 12.5.1;
						TestTargetID = 81F5C34E26C1934D00C81C9A;
					};
					81F5C36F26C1935000C81C9A = {
						CreatedOnToolsVersion = 12.5.1;
						TestTargetID = 81F5C34E26C1934D00C81C9A;
					};
				};
			};
			buildConfigurationList = 81F5C34A26C1934D00C81C9A /* Build configuration list for PBXProject "Impindurado" */;
			compatibilityVersion = "Xcode 9.3";
			developmentRegion = en;
			hasScannedForEncodings = 0;
			knownRegions = (
				en,
				Base,
			);
			mainGroup = 81F5C34626C1934D00C81C9A;
			productRefGroup = 81F5C35026C1934D00C81C9A /* Products */;
			projectDirPath = "";
			projectRoot = "";
			targets = (
				81F5C34E26C1934D00C81C9A /* Impindurado */,
				81F5C36426C1935000C81C9A /* ImpinduradoTests */,
				81F5C36F26C1935000C81C9A /* ImpinduradoUITests */,
			);
		};
/* End PBXProject section */

/* Begin PBXResourcesBuildPhase section */
		81F5C34D26C1934D00C81C9A /* Resources */ = {
			isa = PBXResourcesBuildPhase;
			buildActionMask = 2147483647;
			files = (
				8180A5B226C2D0450057CF10 /* app.strings in Resources */,
				81F5C35F26C1934F00C81C9A /* LaunchScreen.storyboard in Resources */,
				81BC54E726C742FE004C4A58 /* Adventure-Subtitles.ttf in Resources */,
				81F5C35C26C1934F00C81C9A /* Assets.xcassets in Resources */,
				81BC54EA26C7474C004C4A58 /* NES2.ttf in Resources */,
				81BC54E626C742FC004C4A58 /* Pacifico-Regular.ttf in Resources */,
				8126D38526C8327200F4681C /* alert.strings in Resources */,
				D1A4784A26D17BE900D5FFF3 /* Words.json in Resources */,
				8180A5B026C2D0300057CF10 /* button.strings in Resources */,
				8180A5BB26C2DA340057CF10 /* MenuBackground.mp3 in Resources */,
			);
			runOnlyForDeploymentPostprocessing = 0;
		};
		81F5C36326C1935000C81C9A /* Resources */ = {
			isa = PBXResourcesBuildPhase;
			buildActionMask = 2147483647;
			files = (
			);
			runOnlyForDeploymentPostprocessing = 0;
		};
		81F5C36E26C1935000C81C9A /* Resources */ = {
			isa = PBXResourcesBuildPhase;
			buildActionMask = 2147483647;
			files = (
			);
			runOnlyForDeploymentPostprocessing = 0;
		};
/* End PBXResourcesBuildPhase section */

/* Begin PBXShellScriptBuildPhase section */
		43DBECD0EF0728516EF7E012 /* [CP] Check Pods Manifest.lock */ = {
			isa = PBXShellScriptBuildPhase;
			buildActionMask = 2147483647;
			files = (
			);
			inputFileListPaths = (
			);
			inputPaths = (
				"${PODS_PODFILE_DIR_PATH}/Podfile.lock",
				"${PODS_ROOT}/Manifest.lock",
			);
			name = "[CP] Check Pods Manifest.lock";
			outputFileListPaths = (
			);
			outputPaths = (
				"$(DERIVED_FILE_DIR)/Pods-Impindurado-checkManifestLockResult.txt",
			);
			runOnlyForDeploymentPostprocessing = 0;
			shellPath = /bin/sh;
			shellScript = "diff \"${PODS_PODFILE_DIR_PATH}/Podfile.lock\" \"${PODS_ROOT}/Manifest.lock\" > /dev/null\nif [ $? != 0 ] ; then\n    # print error to STDERR\n    echo \"error: The sandbox is not in sync with the Podfile.lock. Run 'pod install' or update your CocoaPods installation.\" >&2\n    exit 1\nfi\n# This output is used by Xcode 'outputs' to avoid re-running this script phase.\necho \"SUCCESS\" > \"${SCRIPT_OUTPUT_FILE_0}\"\n";
			showEnvVarsInLog = 0;
		};
		8180A5B426C2D1810057CF10 /* ShellScript */ = {
			isa = PBXShellScriptBuildPhase;
			buildActionMask = 2147483647;
			files = (
			);
			inputFileListPaths = (
			);
			inputPaths = (
				"$TEMP_DIR/rswift-lastrun",
			);
			outputFileListPaths = (
			);
			outputPaths = (
				$SRCROOT/Impindurado/Assets/R.generated.swift,
			);
			runOnlyForDeploymentPostprocessing = 0;
			shellPath = /bin/sh;
			shellScript = "\"$PODS_ROOT/R.swift/rswift\" generate \"$SRCROOT/Impindurado/Assets/R.generated.swift\" --generators string,image,font\n";
		};
		A0ECFE4D04F5149A62C32814 /* [CP] Check Pods Manifest.lock */ = {
			isa = PBXShellScriptBuildPhase;
			buildActionMask = 2147483647;
			files = (
			);
			inputFileListPaths = (
			);
			inputPaths = (
				"${PODS_PODFILE_DIR_PATH}/Podfile.lock",
				"${PODS_ROOT}/Manifest.lock",
			);
			name = "[CP] Check Pods Manifest.lock";
			outputFileListPaths = (
			);
			outputPaths = (
				"$(DERIVED_FILE_DIR)/Pods-Impindurado-ImpinduradoUITests-checkManifestLockResult.txt",
			);
			runOnlyForDeploymentPostprocessing = 0;
			shellPath = /bin/sh;
			shellScript = "diff \"${PODS_PODFILE_DIR_PATH}/Podfile.lock\" \"${PODS_ROOT}/Manifest.lock\" > /dev/null\nif [ $? != 0 ] ; then\n    # print error to STDERR\n    echo \"error: The sandbox is not in sync with the Podfile.lock. Run 'pod install' or update your CocoaPods installation.\" >&2\n    exit 1\nfi\n# This output is used by Xcode 'outputs' to avoid re-running this script phase.\necho \"SUCCESS\" > \"${SCRIPT_OUTPUT_FILE_0}\"\n";
			showEnvVarsInLog = 0;
		};
		CF7FE9BDB32B159A271745D0 /* [CP] Embed Pods Frameworks */ = {
			isa = PBXShellScriptBuildPhase;
			buildActionMask = 2147483647;
			files = (
			);
			inputFileListPaths = (
				"${PODS_ROOT}/Target Support Files/Pods-Impindurado-ImpinduradoUITests/Pods-Impindurado-ImpinduradoUITests-frameworks-${CONFIGURATION}-input-files.xcfilelist",
			);
			name = "[CP] Embed Pods Frameworks";
			outputFileListPaths = (
				"${PODS_ROOT}/Target Support Files/Pods-Impindurado-ImpinduradoUITests/Pods-Impindurado-ImpinduradoUITests-frameworks-${CONFIGURATION}-output-files.xcfilelist",
			);
			runOnlyForDeploymentPostprocessing = 0;
			shellPath = /bin/sh;
			shellScript = "\"${PODS_ROOT}/Target Support Files/Pods-Impindurado-ImpinduradoUITests/Pods-Impindurado-ImpinduradoUITests-frameworks.sh\"\n";
			showEnvVarsInLog = 0;
		};
		DA125BBBD967D6DE0C4300F6 /* [CP] Embed Pods Frameworks */ = {
			isa = PBXShellScriptBuildPhase;
			buildActionMask = 2147483647;
			files = (
			);
			inputFileListPaths = (
				"${PODS_ROOT}/Target Support Files/Pods-Impindurado/Pods-Impindurado-frameworks-${CONFIGURATION}-input-files.xcfilelist",
			);
			name = "[CP] Embed Pods Frameworks";
			outputFileListPaths = (
				"${PODS_ROOT}/Target Support Files/Pods-Impindurado/Pods-Impindurado-frameworks-${CONFIGURATION}-output-files.xcfilelist",
			);
			runOnlyForDeploymentPostprocessing = 0;
			shellPath = /bin/sh;
			shellScript = "\"${PODS_ROOT}/Target Support Files/Pods-Impindurado/Pods-Impindurado-frameworks.sh\"\n";
			showEnvVarsInLog = 0;
		};
		F91D949E42A038334F3CD40A /* [CP] Check Pods Manifest.lock */ = {
			isa = PBXShellScriptBuildPhase;
			buildActionMask = 2147483647;
			files = (
			);
			inputFileListPaths = (
			);
			inputPaths = (
				"${PODS_PODFILE_DIR_PATH}/Podfile.lock",
				"${PODS_ROOT}/Manifest.lock",
			);
			name = "[CP] Check Pods Manifest.lock";
			outputFileListPaths = (
			);
			outputPaths = (
				"$(DERIVED_FILE_DIR)/Pods-ImpinduradoTests-checkManifestLockResult.txt",
			);
			runOnlyForDeploymentPostprocessing = 0;
			shellPath = /bin/sh;
			shellScript = "diff \"${PODS_PODFILE_DIR_PATH}/Podfile.lock\" \"${PODS_ROOT}/Manifest.lock\" > /dev/null\nif [ $? != 0 ] ; then\n    # print error to STDERR\n    echo \"error: The sandbox is not in sync with the Podfile.lock. Run 'pod install' or update your CocoaPods installation.\" >&2\n    exit 1\nfi\n# This output is used by Xcode 'outputs' to avoid re-running this script phase.\necho \"SUCCESS\" > \"${SCRIPT_OUTPUT_FILE_0}\"\n";
			showEnvVarsInLog = 0;
		};
/* End PBXShellScriptBuildPhase section */

/* Begin PBXSourcesBuildPhase section */
		81F5C34B26C1934D00C81C9A /* Sources */ = {
			isa = PBXSourcesBuildPhase;
			buildActionMask = 2147483647;
			files = (
				8180A5C226C2E3590057CF10 /* GameViewModel.swift in Sources */,
				8180A5CF26C49BC50057CF10 /* GameCoordinator.swift in Sources */,
				8180A5D526C579790057CF10 /* LivesView.swift in Sources */,
				81F5C39126C1DD0500C81C9A /* Sound.swift in Sources */,
				D1A51B6D26C5D76100E1A2DC /* WordsModel.swift in Sources */,
				D13304BC26C4979A001D563C /* Word.swift in Sources */,
				8180A5A726C2C50F0057CF10 /* AppButtonStyle.swift in Sources */,
				8180A5B826C2D3150057CF10 /* R.generated.swift in Sources */,
				8180A5A126C2BA720057CF10 /* SoundButton.swift in Sources */,
				81F5C3B926C1E94700C81C9A /* ViewCode.swift in Sources */,
				8180A5C126C2E3590057CF10 /* GameView.swift in Sources */,
				8126D38726CA9E4A00F4681C /* Device.swift in Sources */,
				81F5C3B626C1E85D00C81C9A /* MenuView.swift in Sources */,
				81F5C3BB26C1E96E00C81C9A /* ViewModel.swift in Sources */,
				D13304BE26C497B4001D563C /* JSONDataModel.swift in Sources */,
				81F5C38626C1DA1200C81C9A /* AppCoordinator.swift in Sources */,
				8126D38126C80F5400F4681C /* DottedTextView.swift in Sources */,
				81F5C3B726C1E85D00C81C9A /* MenuViewModel.swift in Sources */,
				81F5C35326C1934D00C81C9A /* AppDelegate.swift in Sources */,
				8180A5D126C557C30057CF10 /* KeyboardView.swift in Sources */,
				81F5C3B526C1E85D00C81C9A /* MenuViewController.swift in Sources */,
				8180A5A526C2C3F60057CF10 /* AppButton.swift in Sources */,
				81BC54E226C736EB004C4A58 /* Colors.swift in Sources */,
				8126D38326C8210C00F4681C /* AlertViewController.swift in Sources */,
				8180A5C026C2E3590057CF10 /* GameViewController.swift in Sources */,
				81F5C38826C1DA5700C81C9A /* MenuCoordinator.swift in Sources */,
				81F5C35526C1934D00C81C9A /* SceneDelegate.swift in Sources */,
				81F5C38426C1D9D700C81C9A /* Coordinator.swift in Sources */,
			);
			runOnlyForDeploymentPostprocessing = 0;
		};
		81F5C36126C1935000C81C9A /* Sources */ = {
			isa = PBXSourcesBuildPhase;
			buildActionMask = 2147483647;
			files = (
				81F5C36A26C1935000C81C9A /* ImpinduradoTests.swift in Sources */,
			);
			runOnlyForDeploymentPostprocessing = 0;
		};
		81F5C36C26C1935000C81C9A /* Sources */ = {
			isa = PBXSourcesBuildPhase;
			buildActionMask = 2147483647;
			files = (
				81F5C37526C1935000C81C9A /* ImpinduradoUITests.swift in Sources */,
			);
			runOnlyForDeploymentPostprocessing = 0;
		};
/* End PBXSourcesBuildPhase section */

/* Begin PBXTargetDependency section */
		81F5C36726C1935000C81C9A /* PBXTargetDependency */ = {
			isa = PBXTargetDependency;
			target = 81F5C34E26C1934D00C81C9A /* Impindurado */;
			targetProxy = 81F5C36626C1935000C81C9A /* PBXContainerItemProxy */;
		};
		81F5C37226C1935000C81C9A /* PBXTargetDependency */ = {
			isa = PBXTargetDependency;
			target = 81F5C34E26C1934D00C81C9A /* Impindurado */;
			targetProxy = 81F5C37126C1935000C81C9A /* PBXContainerItemProxy */;
		};
/* End PBXTargetDependency section */

/* Begin PBXVariantGroup section */
		81F5C35D26C1934F00C81C9A /* LaunchScreen.storyboard */ = {
			isa = PBXVariantGroup;
			children = (
				81F5C35E26C1934F00C81C9A /* Base */,
			);
			name = LaunchScreen.storyboard;
			sourceTree = "<group>";
		};
/* End PBXVariantGroup section */

/* Begin XCBuildConfiguration section */
		81F5C37726C1935000C81C9A /* Debug */ = {
			isa = XCBuildConfiguration;
			buildSettings = {
				ALWAYS_SEARCH_USER_PATHS = NO;
				CLANG_ANALYZER_NONNULL = YES;
				CLANG_ANALYZER_NUMBER_OBJECT_CONVERSION = YES_AGGRESSIVE;
				CLANG_CXX_LANGUAGE_STANDARD = "gnu++14";
				CLANG_CXX_LIBRARY = "libc++";
				CLANG_ENABLE_MODULES = YES;
				CLANG_ENABLE_OBJC_ARC = YES;
				CLANG_ENABLE_OBJC_WEAK = YES;
				CLANG_WARN_BLOCK_CAPTURE_AUTORELEASING = YES;
				CLANG_WARN_BOOL_CONVERSION = YES;
				CLANG_WARN_COMMA = YES;
				CLANG_WARN_CONSTANT_CONVERSION = YES;
				CLANG_WARN_DEPRECATED_OBJC_IMPLEMENTATIONS = YES;
				CLANG_WARN_DIRECT_OBJC_ISA_USAGE = YES_ERROR;
				CLANG_WARN_DOCUMENTATION_COMMENTS = YES;
				CLANG_WARN_EMPTY_BODY = YES;
				CLANG_WARN_ENUM_CONVERSION = YES;
				CLANG_WARN_INFINITE_RECURSION = YES;
				CLANG_WARN_INT_CONVERSION = YES;
				CLANG_WARN_NON_LITERAL_NULL_CONVERSION = YES;
				CLANG_WARN_OBJC_IMPLICIT_RETAIN_SELF = YES;
				CLANG_WARN_OBJC_LITERAL_CONVERSION = YES;
				CLANG_WARN_OBJC_ROOT_CLASS = YES_ERROR;
				CLANG_WARN_QUOTED_INCLUDE_IN_FRAMEWORK_HEADER = YES;
				CLANG_WARN_RANGE_LOOP_ANALYSIS = YES;
				CLANG_WARN_STRICT_PROTOTYPES = YES;
				CLANG_WARN_SUSPICIOUS_MOVE = YES;
				CLANG_WARN_UNGUARDED_AVAILABILITY = YES_AGGRESSIVE;
				CLANG_WARN_UNREACHABLE_CODE = YES;
				CLANG_WARN__DUPLICATE_METHOD_MATCH = YES;
				COPY_PHASE_STRIP = NO;
				DEBUG_INFORMATION_FORMAT = dwarf;
				ENABLE_STRICT_OBJC_MSGSEND = YES;
				ENABLE_TESTABILITY = YES;
				GCC_C_LANGUAGE_STANDARD = gnu11;
				GCC_DYNAMIC_NO_PIC = NO;
				GCC_NO_COMMON_BLOCKS = YES;
				GCC_OPTIMIZATION_LEVEL = 0;
				GCC_PREPROCESSOR_DEFINITIONS = (
					"DEBUG=1",
					"$(inherited)",
				);
				GCC_WARN_64_TO_32_BIT_CONVERSION = YES;
				GCC_WARN_ABOUT_RETURN_TYPE = YES_ERROR;
				GCC_WARN_UNDECLARED_SELECTOR = YES;
				GCC_WARN_UNINITIALIZED_AUTOS = YES_AGGRESSIVE;
				GCC_WARN_UNUSED_FUNCTION = YES;
				GCC_WARN_UNUSED_VARIABLE = YES;
				IPHONEOS_DEPLOYMENT_TARGET = 14.5;
				MTL_ENABLE_DEBUG_INFO = INCLUDE_SOURCE;
				MTL_FAST_MATH = YES;
				ONLY_ACTIVE_ARCH = YES;
				SDKROOT = iphoneos;
				SWIFT_ACTIVE_COMPILATION_CONDITIONS = DEBUG;
				SWIFT_OPTIMIZATION_LEVEL = "-Onone";
			};
			name = Debug;
		};
		81F5C37826C1935000C81C9A /* Release */ = {
			isa = XCBuildConfiguration;
			buildSettings = {
				ALWAYS_SEARCH_USER_PATHS = NO;
				CLANG_ANALYZER_NONNULL = YES;
				CLANG_ANALYZER_NUMBER_OBJECT_CONVERSION = YES_AGGRESSIVE;
				CLANG_CXX_LANGUAGE_STANDARD = "gnu++14";
				CLANG_CXX_LIBRARY = "libc++";
				CLANG_ENABLE_MODULES = YES;
				CLANG_ENABLE_OBJC_ARC = YES;
				CLANG_ENABLE_OBJC_WEAK = YES;
				CLANG_WARN_BLOCK_CAPTURE_AUTORELEASING = YES;
				CLANG_WARN_BOOL_CONVERSION = YES;
				CLANG_WARN_COMMA = YES;
				CLANG_WARN_CONSTANT_CONVERSION = YES;
				CLANG_WARN_DEPRECATED_OBJC_IMPLEMENTATIONS = YES;
				CLANG_WARN_DIRECT_OBJC_ISA_USAGE = YES_ERROR;
				CLANG_WARN_DOCUMENTATION_COMMENTS = YES;
				CLANG_WARN_EMPTY_BODY = YES;
				CLANG_WARN_ENUM_CONVERSION = YES;
				CLANG_WARN_INFINITE_RECURSION = YES;
				CLANG_WARN_INT_CONVERSION = YES;
				CLANG_WARN_NON_LITERAL_NULL_CONVERSION = YES;
				CLANG_WARN_OBJC_IMPLICIT_RETAIN_SELF = YES;
				CLANG_WARN_OBJC_LITERAL_CONVERSION = YES;
				CLANG_WARN_OBJC_ROOT_CLASS = YES_ERROR;
				CLANG_WARN_QUOTED_INCLUDE_IN_FRAMEWORK_HEADER = YES;
				CLANG_WARN_RANGE_LOOP_ANALYSIS = YES;
				CLANG_WARN_STRICT_PROTOTYPES = YES;
				CLANG_WARN_SUSPICIOUS_MOVE = YES;
				CLANG_WARN_UNGUARDED_AVAILABILITY = YES_AGGRESSIVE;
				CLANG_WARN_UNREACHABLE_CODE = YES;
				CLANG_WARN__DUPLICATE_METHOD_MATCH = YES;
				COPY_PHASE_STRIP = NO;
				DEBUG_INFORMATION_FORMAT = "dwarf-with-dsym";
				ENABLE_NS_ASSERTIONS = NO;
				ENABLE_STRICT_OBJC_MSGSEND = YES;
				GCC_C_LANGUAGE_STANDARD = gnu11;
				GCC_NO_COMMON_BLOCKS = YES;
				GCC_WARN_64_TO_32_BIT_CONVERSION = YES;
				GCC_WARN_ABOUT_RETURN_TYPE = YES_ERROR;
				GCC_WARN_UNDECLARED_SELECTOR = YES;
				GCC_WARN_UNINITIALIZED_AUTOS = YES_AGGRESSIVE;
				GCC_WARN_UNUSED_FUNCTION = YES;
				GCC_WARN_UNUSED_VARIABLE = YES;
				IPHONEOS_DEPLOYMENT_TARGET = 14.5;
				MTL_ENABLE_DEBUG_INFO = NO;
				MTL_FAST_MATH = YES;
				SDKROOT = iphoneos;
				SWIFT_COMPILATION_MODE = wholemodule;
				SWIFT_OPTIMIZATION_LEVEL = "-O";
				VALIDATE_PRODUCT = YES;
			};
			name = Release;
		};
		81F5C37A26C1935000C81C9A /* Debug */ = {
			isa = XCBuildConfiguration;
			baseConfigurationReference = BEC33AF8B3ED6C65C0249270 /* Pods-Impindurado.debug.xcconfig */;
			buildSettings = {
				ASSETCATALOG_COMPILER_APPICON_NAME = AppIcon;
				ASSETCATALOG_COMPILER_GLOBAL_ACCENT_COLOR_NAME = AccentColor;
				CODE_SIGN_STYLE = Automatic;
				DEVELOPMENT_TEAM = 69Y77S7YQP;
				INFOPLIST_FILE = Impindurado/Info.plist;
				LD_RUNPATH_SEARCH_PATHS = (
					"$(inherited)",
					"@executable_path/Frameworks",
				);
				PRODUCT_BUNDLE_IDENTIFIER = Impindurado.Impindurado;
				PRODUCT_NAME = "$(TARGET_NAME)";
				SWIFT_VERSION = 5.0;
				TARGETED_DEVICE_FAMILY = "1,2";
			};
			name = Debug;
		};
		81F5C37B26C1935000C81C9A /* Release */ = {
			isa = XCBuildConfiguration;
			baseConfigurationReference = F2C2C15A0C40E186AF55F9B2 /* Pods-Impindurado.release.xcconfig */;
			buildSettings = {
				ASSETCATALOG_COMPILER_APPICON_NAME = AppIcon;
				ASSETCATALOG_COMPILER_GLOBAL_ACCENT_COLOR_NAME = AccentColor;
				CODE_SIGN_STYLE = Automatic;
				DEVELOPMENT_TEAM = 69Y77S7YQP;
				INFOPLIST_FILE = Impindurado/Info.plist;
				LD_RUNPATH_SEARCH_PATHS = (
					"$(inherited)",
					"@executable_path/Frameworks",
				);
				PRODUCT_BUNDLE_IDENTIFIER = Impindurado.Impindurado;
				PRODUCT_NAME = "$(TARGET_NAME)";
				SWIFT_VERSION = 5.0;
				TARGETED_DEVICE_FAMILY = "1,2";
			};
			name = Release;
		};
		81F5C37D26C1935000C81C9A /* Debug */ = {
			isa = XCBuildConfiguration;
			baseConfigurationReference = 49573D2DD13DB7ED398A3C10 /* Pods-ImpinduradoTests.debug.xcconfig */;
			buildSettings = {
				ALWAYS_EMBED_SWIFT_STANDARD_LIBRARIES = YES;
				BUNDLE_LOADER = "$(TEST_HOST)";
				CODE_SIGN_STYLE = Automatic;
				DEVELOPMENT_TEAM = 3A46XCK2VP;
				INFOPLIST_FILE = ImpinduradoTests/Info.plist;
				IPHONEOS_DEPLOYMENT_TARGET = 14.5;
				LD_RUNPATH_SEARCH_PATHS = (
					"$(inherited)",
					"@executable_path/Frameworks",
					"@loader_path/Frameworks",
				);
				PRODUCT_BUNDLE_IDENTIFIER = Impindurado.ImpinduradoTests;
				PRODUCT_NAME = "$(TARGET_NAME)";
				SWIFT_VERSION = 5.0;
				TARGETED_DEVICE_FAMILY = "1,2";
				TEST_HOST = "$(BUILT_PRODUCTS_DIR)/Impindurado.app/Impindurado";
			};
			name = Debug;
		};
		81F5C37E26C1935000C81C9A /* Release */ = {
			isa = XCBuildConfiguration;
			baseConfigurationReference = 514CB17A59E912FCE90ED2A1 /* Pods-ImpinduradoTests.release.xcconfig */;
			buildSettings = {
				ALWAYS_EMBED_SWIFT_STANDARD_LIBRARIES = YES;
				BUNDLE_LOADER = "$(TEST_HOST)";
				CODE_SIGN_STYLE = Automatic;
				DEVELOPMENT_TEAM = 3A46XCK2VP;
				INFOPLIST_FILE = ImpinduradoTests/Info.plist;
				IPHONEOS_DEPLOYMENT_TARGET = 14.5;
				LD_RUNPATH_SEARCH_PATHS = (
					"$(inherited)",
					"@executable_path/Frameworks",
					"@loader_path/Frameworks",
				);
				PRODUCT_BUNDLE_IDENTIFIER = Impindurado.ImpinduradoTests;
				PRODUCT_NAME = "$(TARGET_NAME)";
				SWIFT_VERSION = 5.0;
				TARGETED_DEVICE_FAMILY = "1,2";
				TEST_HOST = "$(BUILT_PRODUCTS_DIR)/Impindurado.app/Impindurado";
			};
			name = Release;
		};
		81F5C38026C1935000C81C9A /* Debug */ = {
			isa = XCBuildConfiguration;
			baseConfigurationReference = D91A635BCD54A45890586B63 /* Pods-Impindurado-ImpinduradoUITests.debug.xcconfig */;
			buildSettings = {
				ALWAYS_EMBED_SWIFT_STANDARD_LIBRARIES = YES;
				CODE_SIGN_STYLE = Automatic;
				DEVELOPMENT_TEAM = 3A46XCK2VP;
				INFOPLIST_FILE = ImpinduradoUITests/Info.plist;
				LD_RUNPATH_SEARCH_PATHS = (
					"$(inherited)",
					"@executable_path/Frameworks",
					"@loader_path/Frameworks",
				);
				PRODUCT_BUNDLE_IDENTIFIER = Impindurado.ImpinduradoUITests;
				PRODUCT_NAME = "$(TARGET_NAME)";
				SWIFT_VERSION = 5.0;
				TARGETED_DEVICE_FAMILY = "1,2";
				TEST_TARGET_NAME = Impindurado;
			};
			name = Debug;
		};
		81F5C38126C1935000C81C9A /* Release */ = {
			isa = XCBuildConfiguration;
			baseConfigurationReference = 33029FD899104D8A26150A03 /* Pods-Impindurado-ImpinduradoUITests.release.xcconfig */;
			buildSettings = {
				ALWAYS_EMBED_SWIFT_STANDARD_LIBRARIES = YES;
				CODE_SIGN_STYLE = Automatic;
				DEVELOPMENT_TEAM = 3A46XCK2VP;
				INFOPLIST_FILE = ImpinduradoUITests/Info.plist;
				LD_RUNPATH_SEARCH_PATHS = (
					"$(inherited)",
					"@executable_path/Frameworks",
					"@loader_path/Frameworks",
				);
				PRODUCT_BUNDLE_IDENTIFIER = Impindurado.ImpinduradoUITests;
				PRODUCT_NAME = "$(TARGET_NAME)";
				SWIFT_VERSION = 5.0;
				TARGETED_DEVICE_FAMILY = "1,2";
				TEST_TARGET_NAME = Impindurado;
			};
			name = Release;
		};
/* End XCBuildConfiguration section */

/* Begin XCConfigurationList section */
		81F5C34A26C1934D00C81C9A /* Build configuration list for PBXProject "Impindurado" */ = {
			isa = XCConfigurationList;
			buildConfigurations = (
				81F5C37726C1935000C81C9A /* Debug */,
				81F5C37826C1935000C81C9A /* Release */,
			);
			defaultConfigurationIsVisible = 0;
			defaultConfigurationName = Release;
		};
		81F5C37926C1935000C81C9A /* Build configuration list for PBXNativeTarget "Impindurado" */ = {
			isa = XCConfigurationList;
			buildConfigurations = (
				81F5C37A26C1935000C81C9A /* Debug */,
				81F5C37B26C1935000C81C9A /* Release */,
			);
			defaultConfigurationIsVisible = 0;
			defaultConfigurationName = Release;
		};
		81F5C37C26C1935000C81C9A /* Build configuration list for PBXNativeTarget "ImpinduradoTests" */ = {
			isa = XCConfigurationList;
			buildConfigurations = (
				81F5C37D26C1935000C81C9A /* Debug */,
				81F5C37E26C1935000C81C9A /* Release */,
			);
			defaultConfigurationIsVisible = 0;
			defaultConfigurationName = Release;
		};
		81F5C37F26C1935000C81C9A /* Build configuration list for PBXNativeTarget "ImpinduradoUITests" */ = {
			isa = XCConfigurationList;
			buildConfigurations = (
				81F5C38026C1935000C81C9A /* Debug */,
				81F5C38126C1935000C81C9A /* Release */,
			);
			defaultConfigurationIsVisible = 0;
			defaultConfigurationName = Release;
		};
/* End XCConfigurationList section */
	};
	rootObject = 81F5C34726C1934D00C81C9A /* Project object */;
}
